# This file is autogenerated, do not edit; changes may be undone by the next 'dep ensure'.


[[projects]]
  digest = "1:2cae1c00c4e5d6fe56acd4b9b6ccbb2bda50cb23fa8d4375f29c8be9a51e6865"
  name = "github.com/algorand/go-algorand-sdk"
  packages = ["types"]
  pruneopts = "NUT"
  revision = "a92a70dff73a56b5c9ef9945d3792ec08d587d37"
  version = "v1.2.1"

[[projects]]
  digest = "1:dffd684b626e8d25a361c71e5460cb4516ffc3e902ad9f05b58bca9465193767"
  name = "github.com/btcsuite/btcd"
  packages = [
    "btcec",
    "chaincfg/chainhash",
  ]
  pruneopts = "NUT"
  revision = "f3ec13030e4e828869954472cbc51ac36bee5c1d"
  version = "v0.20.1-beta"

[[projects]]
  digest = "1:41d4c366cbfdb3623d8f6fd866b142d238bbfc3a812712278f9fcb42e8644964"
  name = "github.com/ethereum/go-ethereum"
  packages = [
    "common",
    "common/hexutil",
    "common/math",
    "crypto",
    "crypto/secp256k1",
    "rlp",
  ]
  pruneopts = "T"
  revision = "017449971e1e9e220efcd97d3313a0e27f47003b"
  version = "v1.9.9"

[[projects]]
  branch = "master"
  digest = "1:f14d1b50e0075fb00177f12a96dd7addf93d1e2883c25befd17285b779549795"
  name = "github.com/gopherjs/gopherjs"
  packages = ["js"]
  pruneopts = "NUT"
  revision = "ce3c9ade29deed38a85f259f40e823cc17213830"

[[projects]]
  branch = "master"
  digest = "1:de3ada36fec2d05c0efdfc94521e0bbb2db9d7538446987822482709de5bd4dc"
  name = "golang.org/x/crypto"
  packages = [
    "ed25519",
    "ed25519/internal/edwards25519",
    "sha3",
  ]
  pruneopts = "NUT"
  revision = "53104e6ec876ad4e22ad27cce588b01392043c1b"

[[projects]]
  branch = "master"
  digest = "1:2620d7efbd6e99521e224cbc08b57e4fb928def72e7d9f138cde3a3c568a71c7"
  name = "golang.org/x/sys"
  packages = ["cpu"]
  pruneopts = "NUT"
  revision = "b016eb3dc98ea7f69ed55e8216b87187067ae621"

[solve-meta]
  analyzer-name = "dep"
  analyzer-version = 1
  input-imports = [
    "github.com/algorand/go-algorand-sdk/types",
    "github.com/btcsuite/btcd/btcec",
    "github.com/btcsuite/btcd/chaincfg/chainhash",
    "github.com/ethereum/go-ethereum/crypto",
    "github.com/gopherjs/gopherjs/js",
  ]
  solver-name = "gps-cdcl"
  solver-version = 1
