# This file is autogenerated, do not edit; changes may be undone by the next 'dep ensure'.


[[projects]]
  digest = "1:dffd684b626e8d25a361c71e5460cb4516ffc3e902ad9f05b58bca9465193767"
  name = "github.com/btcsuite/btcd"
  packages = [
    "btcec",
    "chaincfg/chainhash",
  ]
  pruneopts = "NUT"
  revision = "f3ec13030e4e828869954472cbc51ac36bee5c1d"
  version = "v0.20.1-beta"

[[projects]]
  digest = "1:41d4c366cbfdb3623d8f6fd866b142d238bbfc3a812712278f9fcb42e8644964"
  name = "github.com/ethereum/go-ethereum"
  packages = [
    "common",
    "common/hexutil",
    "common/math",
    "crypto",
    "crypto/secp256k1",
    "rlp",
  ]
  pruneopts = "T"
  revision = "017449971e1e9e220efcd97d3313a0e27f47003b"
  version = "v1.9.9"

[[projects]]
  branch = "master"
  digest = "1:0a098e49634c82146af53b34c63954a3bdca849a9a1ab479a677e6e66cbb16bb"
  name = "golang.org/x/crypto"
  packages = ["sha3"]
  pruneopts = "NUT"
  revision = "53104e6ec876ad4e22ad27cce588b01392043c1b"

[[projects]]
  branch = "master"
  digest = "1:2620d7efbd6e99521e224cbc08b57e4fb928def72e7d9f138cde3a3c568a71c7"
  name = "golang.org/x/sys"
  packages = ["cpu"]
  pruneopts = "NUT"
  revision = "b016eb3dc98ea7f69ed55e8216b87187067ae621"

[solve-meta]
  analyzer-name = "dep"
  analyzer-version = 1
  input-imports = [
    "github.com/btcsuite/btcd/btcec",
    "github.com/btcsuite/btcd/chaincfg/chainhash",
    "github.com/ethereum/go-ethereum/crypto",
  ]
  solver-name = "gps-cdcl"
  solver-version = 1
